
Microsoft Visual Studio Solution File, Format Version 12.00
# Visual Studio Version 16
VisualStudioVersion = 16.0.35826.135
MinimumVisualStudioVersion = 10.0.40219.1
Project("{FAE04EC0-301F-11D3-BF4B-00C04F79EFBC}") = "Project1", "Project1.csproj", "{CBBA1D99-12D3-4607-A3A2-FAD1180E5123}"
EndProject
Global
	GlobalSection(SolutionConfigurationPlatforms) = preSolution
		Debug|Any CPU = Debug|Any CPU
		Release|Any CPU = Release|Any CPU
	EndGlobalSection
	GlobalSection(ProjectConfigurationPlatforms) = postSolution
		{CBBA1D99-12D3-4607-A3A2-FAD1180E5123}.Debug|Any CPU.ActiveCfg = Debug|Any CPU
		{CBBA1D99-12D3-4607-A3A2-FAD1180E5123}.Debug|Any CPU.Build.0 = Debug|Any CPU
		{CBBA1D99-12D3-4607-A3A2-FAD1180E5123}.Release|Any CPU.ActiveCfg = Release|Any CPU
		{CBBA1D99-12D3-4607-A3A2-FAD1180E5123}.Release|Any CPU.Build.0 = Release|Any CPU
	EndGlobalSection
	GlobalSection(SolutionProperties) = preSolution
		HideSolutionNode = FALSE
	EndGlobalSection
	GlobalSection(ExtensibilityGlobals) = postSolution
		SolutionGuid = {2EDEB7E5-C2A3-41DF-B34B-723EEC6F0D23}
	EndGlobalSection
EndGlobal
